
Microsoft Visual Studio Solution File, Format Version 12.00
# Visual Studio Version 17
VisualStudioVersion = 17.14.36202.13 d17.14
MinimumVisualStudioVersion = 10.0.40219.1
Project("{FAE04EC0-301F-11D3-BF4B-00C04F79EFBC}") = "WebApplication1", "WebApplication1\WebApplication1.csproj", "{0D3BC944-636B-4757-A43F-4230186E2185}"
EndProject
Project("{FAE04EC0-301F-11D3-BF4B-00C04F79EFBC}") = "EmployeeManagement.Tests", "EmployeeManagement.Tests\EmployeeManagement.Tests.csproj", "{A2C2A9B9-0821-4238-AAE9-C7AD0A509DFC}"
EndProject
Global
	GlobalSection(SolutionConfigurationPlatforms) = preSolution
		Debug|Any CPU = Debug|Any CPU
		Release|Any CPU = Release|Any CPU
	EndGlobalSection
	GlobalSection(ProjectConfigurationPlatforms) = postSolution
		{0D3BC944-636B-4757-A43F-4230186E2185}.Debug|Any CPU.ActiveCfg = Debug|Any CPU
		{0D3BC944-636B-4757-A43F-4230186E2185}.Debug|Any CPU.Build.0 = Debug|Any CPU
		{0D3BC944-636B-4757-A43F-4230186E2185}.Release|Any CPU.ActiveCfg = Release|Any CPU
		{0D3BC944-636B-4757-A43F-4230186E2185}.Release|Any CPU.Build.0 = Release|Any CPU
		{A2C2A9B9-0821-4238-AAE9-C7AD0A509DFC}.Debug|Any CPU.ActiveCfg = Debug|Any CPU
		{A2C2A9B9-0821-4238-AAE9-C7AD0A509DFC}.Debug|Any CPU.Build.0 = Debug|Any CPU
		{A2C2A9B9-0821-4238-AAE9-C7AD0A509DFC}.Release|Any CPU.ActiveCfg = Release|Any CPU
		{A2C2A9B9-0821-4238-AAE9-C7AD0A509DFC}.Release|Any CPU.Build.0 = Release|Any CPU
	EndGlobalSection
	GlobalSection(SolutionProperties) = preSolution
		HideSolutionNode = FALSE
	EndGlobalSection
	GlobalSection(ExtensibilityGlobals) = postSolution
		SolutionGuid = {611F5D90-593D-4EF9-8F98-24B3F85B86AD}
	EndGlobalSection
EndGlobal
